// !$*UTF8*$!
{
	archiveVersion = 1;
	classes = {
	};
	objectVersion = 50;
	objects = {

/* Begin PBXBuildFile section */
		654746D524989F1E00D26EB6 /* AppDelegate.swift in Sources */ = {isa = PBXBuildFile; fileRef = 654746D424989F1E00D26EB6 /* AppDelegate.swift */; };
		654746D724989F1E00D26EB6 /* SceneDelegate.swift in Sources */ = {isa = PBXBuildFile; fileRef = 654746D624989F1E00D26EB6 /* SceneDelegate.swift */; };
		654746D924989F1E00D26EB6 /* ContentView.swift in Sources */ = {isa = PBXBuildFile; fileRef = 654746D824989F1E00D26EB6 /* ContentView.swift */; };
		654746DB24989F1F00D26EB6 /* Assets.xcassets in Resources */ = {isa = PBXBuildFile; fileRef = 654746DA24989F1F00D26EB6 /* Assets.xcassets */; };
		654746DE24989F1F00D26EB6 /* Preview Assets.xcassets in Resources */ = {isa = PBXBuildFile; fileRef = 654746DD24989F1F00D26EB6 /* Preview Assets.xcassets */; };
		654746E124989F1F00D26EB6 /* LaunchScreen.storyboard in Resources */ = {isa = PBXBuildFile; fileRef = 654746DF24989F1F00D26EB6 /* LaunchScreen.storyboard */; };
		65A6D937249905F900E414D5 /* CardView.swift in Sources */ = {isa = PBXBuildFile; fileRef = 65A6D936249905F900E414D5 /* CardView.swift */; };
/* End PBXBuildFile section */

/* Begin PBXFileReference section */
		654746D124989F1E00D26EB6 /* Yang Spin.app */ = {isa = PBXFileReference; explicitFileType = wrapper.application; includeInIndex = 0; path = "Yang Spin.app"; sourceTree = BUILT_PRODUCTS_DIR; };
		654746D424989F1E00D26EB6 /* AppDelegate.swift */ = {isa = PBXFileReference; lastKnownFileType = sourcecode.swift; path = AppDelegate.swift; sourceTree = "<group>"; };
		654746D624989F1E00D26EB6 /* SceneDelegate.swift */ = {isa = PBXFileReference; lastKnownFileType = sourcecode.swift; path = SceneDelegate.swift; sourceTree = "<group>"; };
		654746D824989F1E00D26EB6 /* ContentView.swift */ = {isa = PBXFileReference; lastKnownFileType = sourcecode.swift; path = ContentView.swift; sourceTree = "<group>"; };
		654746DA24989F1F00D26EB6 /* Assets.xcassets */ = {isa = PBXFileReference; lastKnownFileType = folder.assetcatalog; path = Assets.xcassets; sourceTree = "<group>"; };
		654746DD24989F1F00D26EB6 /* Preview Assets.xcassets */ = {isa = PBXFileReference; lastKnownFileType = folder.assetcatalog; path = "Preview Assets.xcassets"; sourceTree = "<group>"; };
		654746E024989F1F00D26EB6 /* Base */ = {isa = PBXFileReference; lastKnownFileType = file.storyboard; name = Base; path = Base.lproj/LaunchScreen.storyboard; sourceTree = "<group>"; };
		654746E224989F1F00D26EB6 /* Info.plist */ = {isa = PBXFileReference; lastKnownFileType = text.plist.xml; path = Info.plist; sourceTree = "<group>"; };
		654746E82498FFD500D26EB6 /* YangSpin.entitlements */ = {isa = PBXFileReference; lastKnownFileType = text.plist.entitlements; path = YangSpin.entitlements; sourceTree = "<group>"; };
		65A6D936249905F900E414D5 /* CardView.swift */ = {isa = PBXFileReference; lastKnownFileType = sourcecode.swift; path = CardView.swift; sourceTree = "<group>"; };
/* End PBXFileReference section */

/* Begin PBXFrameworksBuildPhase section */
		654746CE24989F1E00D26EB6 /* Frameworks */ = {
			isa = PBXFrameworksBuildPhase;
			buildActionMask = 2147483647;
			files = (
			);
			runOnlyForDeploymentPostprocessing = 0;
		};
/* End PBXFrameworksBuildPhase section */

/* Begin PBXGroup section */
		654746C824989F1E00D26EB6 = {
			isa = PBXGroup;
			children = (
				654746D324989F1E00D26EB6 /* YangSpin */,
				654746D224989F1E00D26EB6 /* Products */,
			);
			sourceTree = "<group>";
		};
		654746D224989F1E00D26EB6 /* Products */ = {
			isa = PBXGroup;
			children = (
				654746D124989F1E00D26EB6 /* Yang Spin.app */,
			);
			name = Products;
			sourceTree = "<group>";
		};
		654746D324989F1E00D26EB6 /* YangSpin */ = {
			isa = PBXGroup;
			children = (
				654746E82498FFD500D26EB6 /* YangSpin.entitlements */,
				654746D424989F1E00D26EB6 /* AppDelegate.swift */,
				654746D624989F1E00D26EB6 /* SceneDelegate.swift */,
				654746D824989F1E00D26EB6 /* ContentView.swift */,
				65A6D936249905F900E414D5 /* CardView.swift */,
				654746DA24989F1F00D26EB6 /* Assets.xcassets */,
				654746DF24989F1F00D26EB6 /* LaunchScreen.storyboard */,
				654746E224989F1F00D26EB6 /* Info.plist */,
				654746DC24989F1F00D26EB6 /* Preview Content */,
			);
			path = YangSpin;
			sourceTree = "<group>";
		};
		654746DC24989F1F00D26EB6 /* Preview Content */ = {
			isa = PBXGroup;
			children = (
				654746DD24989F1F00D26EB6 /* Preview Assets.xcassets */,
			);
			path = "Preview Content";
			sourceTree = "<group>";
		};
/* End PBXGroup section */

/* Begin PBXNativeTarget section */
		654746D024989F1E00D26EB6 /* YangSpin */ = {
			isa = PBXNativeTarget;
			buildConfigurationList = 654746E524989F1F00D26EB6 /* Build configuration list for PBXNativeTarget "YangSpin" */;
			buildPhases = (
				654746CD24989F1E00D26EB6 /* Sources */,
				654746CE24989F1E00D26EB6 /* Frameworks */,
				654746CF24989F1E00D26EB6 /* Resources */,
			);
			buildRules = (
			);
			dependencies = (
			);
			name = YangSpin;
			productName = YangSpin;
			productReference = 654746D124989F1E00D26EB6 /* Yang Spin.app */;
			productType = "com.apple.product-type.application";
		};
/* End PBXNativeTarget section */

/* Begin PBXProject section */
		654746C924989F1E00D26EB6 /* Project object */ = {
			isa = PBXProject;
			attributes = {
				LastSwiftUpdateCheck = 1150;
				LastUpgradeCheck = 1150;
				ORGANIZATIONNAME = "Tommy Zhang";
				TargetAttributes = {
					654746D024989F1E00D26EB6 = {
						CreatedOnToolsVersion = 11.5;
					};
				};
			};
			buildConfigurationList = 654746CC24989F1E00D26EB6 /* Build configuration list for PBXProject "YangSpin" */;
			compatibilityVersion = "Xcode 9.3";
			developmentRegion = en;
			hasScannedForEncodings = 0;
			knownRegions = (
				en,
				Base,
			);
			mainGroup = 654746C824989F1E00D26EB6;
			productRefGroup = 654746D224989F1E00D26EB6 /* Products */;
			projectDirPath = "";
			projectRoot = "";
			targets = (
				654746D024989F1E00D26EB6 /* YangSpin */,
			);
		};
/* End PBXProject section */

/* Begin PBXResourcesBuildPhase section */
		654746CF24989F1E00D26EB6 /* Resources */ = {
			isa = PBXResourcesBuildPhase;
			buildActionMask = 2147483647;
			files = (
				654746E124989F1F00D26EB6 /* LaunchScreen.storyboard in Resources */,
				654746DE24989F1F00D26EB6 /* Preview Assets.xcassets in Resources */,
				654746DB24989F1F00D26EB6 /* Assets.xcassets in Resources */,
			);
			runOnlyForDeploymentPostprocessing = 0;
		};
/* End PBXResourcesBuildPhase section */

/* Begin PBXSourcesBuildPhase section */
		654746CD24989F1E00D26EB6 /* Sources */ = {
			isa = PBXSourcesBuildPhase;
			buildActionMask = 2147483647;
			files = (
				654746D524989F1E00D26EB6 /* AppDelegate.swift in Sources */,
				654746D724989F1E00D26EB6 /* SceneDelegate.swift in Sources */,
				65A6D937249905F900E414D5 /* CardView.swift in Sources */,
				654746D924989F1E00D26EB6 /* ContentView.swift in Sources */,
			);
			runOnlyForDeploymentPostprocessing = 0;
		};
/* End PBXSourcesBuildPhase section */

/* Begin PBXVariantGroup section */
		654746DF24989F1F00D26EB6 /* LaunchScreen.storyboard */ = {
			isa = PBXVariantGroup;
			children = (
				654746E024989F1F00D26EB6 /* Base */,
			);
			name = LaunchScreen.storyboard;
			sourceTree = "<group>";
		};
/* End PBXVariantGroup section */

/* Begin XCBuildConfiguration section */
		654746E324989F1F00D26EB6 /* Debug */ = {
			isa = XCBuildConfiguration;
			buildSettings = {
				ALWAYS_SEARCH_USER_PATHS = NO;
				CLANG_ANALYZER_NONNULL = YES;
				CLANG_ANALYZER_NUMBER_OBJECT_CONVERSION = YES_AGGRESSIVE;
				CLANG_CXX_LANGUAGE_STANDARD = "gnu++14";
				CLANG_CXX_LIBRARY = "libc++";
				CLANG_ENABLE_MODULES = YES;
				CLANG_ENABLE_OBJC_ARC = YES;
				CLANG_ENABLE_OBJC_WEAK = YES;
				CLANG_WARN_BLOCK_CAPTURE_AUTORELEASING = YES;
				CLANG_WARN_BOOL_CONVERSION = YES;
				CLANG_WARN_COMMA = YES;
				CLANG_WARN_CONSTANT_CONVERSION = YES;
				CLANG_WARN_DEPRECATED_OBJC_IMPLEMENTATIONS = YES;
				CLANG_WARN_DIRECT_OBJC_ISA_USAGE = YES_ERROR;
				CLANG_WARN_DOCUMENTATION_COMMENTS = YES;
				CLANG_WARN_EMPTY_BODY = YES;
				CLANG_WARN_ENUM_CONVERSION = YES;
				CLANG_WARN_INFINITE_RECURSION = YES;
				CLANG_WARN_INT_CONVERSION = YES;
				CLANG_WARN_NON_LITERAL_NULL_CONVERSION = YES;
				CLANG_WARN_OBJC_IMPLICIT_RETAIN_SELF = YES;
				CLANG_WARN_OBJC_LITERAL_CONVERSION = YES;
				CLANG_WARN_OBJC_ROOT_CLASS = YES_ERROR;
				CLANG_WARN_RANGE_LOOP_ANALYSIS = YES;
				CLANG_WARN_STRICT_PROTOTYPES = YES;
				CLANG_WARN_SUSPICIOUS_MOVE = YES;
				CLANG_WARN_UNGUARDED_AVAILABILITY = YES_AGGRESSIVE;
				CLANG_WARN_UNREACHABLE_CODE = YES;
				CLANG_WARN__DUPLICATE_METHOD_MATCH = YES;
				COPY_PHASE_STRIP = NO;
				DEBUG_INFORMATION_FORMAT = dwarf;
				ENABLE_STRICT_OBJC_MSGSEND = YES;
				ENABLE_TESTABILITY = YES;
				GCC_C_LANGUAGE_STANDARD = gnu11;
				GCC_DYNAMIC_NO_PIC = NO;
				GCC_NO_COMMON_BLOCKS = YES;
				GCC_OPTIMIZATION_LEVEL = 0;
				GCC_PREPROCESSOR_DEFINITIONS = (
					"DEBUG=1",
					"$(inherited)",
				);
				GCC_WARN_64_TO_32_BIT_CONVERSION = YES;
				GCC_WARN_ABOUT_RETURN_TYPE = YES_ERROR;
				GCC_WARN_UNDECLARED_SELECTOR = YES;
				GCC_WARN_UNINITIALIZED_AUTOS = YES_AGGRESSIVE;
				GCC_WARN_UNUSED_FUNCTION = YES;
				GCC_WARN_UNUSED_VARIABLE = YES;
				IPHONEOS_DEPLOYMENT_TARGET = 13.5;
				MTL_ENABLE_DEBUG_INFO = INCLUDE_SOURCE;
				MTL_FAST_MATH = YES;
				ONLY_ACTIVE_ARCH = YES;
				SDKROOT = iphoneos;
				SWIFT_ACTIVE_COMPILATION_CONDITIONS = DEBUG;
				SWIFT_OPTIMIZATION_LEVEL = "-Onone";
			};
			name = Debug;
		};
		654746E424989F1F00D26EB6 /* Release */ = {
			isa = XCBuildConfiguration;
			buildSettings = {
				ALWAYS_SEARCH_USER_PATHS = NO;
				CLANG_ANALYZER_NONNULL = YES;
				CLANG_ANALYZER_NUMBER_OBJECT_CONVERSION = YES_AGGRESSIVE;
				CLANG_CXX_LANGUAGE_STANDARD = "gnu++14";
				CLANG_CXX_LIBRARY = "libc++";
				CLANG_ENABLE_MODULES = YES;
				CLANG_ENABLE_OBJC_ARC = YES;
				CLANG_ENABLE_OBJC_WEAK = YES;
				CLANG_WARN_BLOCK_CAPTURE_AUTORELEASING = YES;
				CLANG_WARN_BOOL_CONVERSION = YES;
				CLANG_WARN_COMMA = YES;
				CLANG_WARN_CONSTANT_CONVERSION = YES;
				CLANG_WARN_DEPRECATED_OBJC_IMPLEMENTATIONS = YES;
				CLANG_WARN_DIRECT_OBJC_ISA_USAGE = YES_ERROR;
				CLANG_WARN_DOCUMENTATION_COMMENTS = YES;
				CLANG_WARN_EMPTY_BODY = YES;
				CLANG_WARN_ENUM_CONVERSION = YES;
				CLANG_WARN_INFINITE_RECURSION = YES;
				CLANG_WARN_INT_CONVERSION = YES;
				CLANG_WARN_NON_LITERAL_NULL_CONVERSION = YES;
				CLANG_WARN_OBJC_IMPLICIT_RETAIN_SELF = YES;
				CLANG_WARN_OBJC_LITERAL_CONVERSION = YES;
				CLANG_WARN_OBJC_ROOT_CLASS = YES_ERROR;
				CLANG_WARN_RANGE_LOOP_ANALYSIS = YES;
				CLANG_WARN_STRICT_PROTOTYPES = YES;
				CLANG_WARN_SUSPICIOUS_MOVE = YES;
				CLANG_WARN_UNGUARDED_AVAILABILITY = YES_AGGRESSIVE;
				CLANG_WARN_UNREACHABLE_CODE = YES;
				CLANG_WARN__DUPLICATE_METHOD_MATCH = YES;
				COPY_PHASE_STRIP = NO;
				DEBUG_INFORMATION_FORMAT = "dwarf-with-dsym";
				ENABLE_NS_ASSERTIONS = NO;
				ENABLE_STRICT_OBJC_MSGSEND = YES;
				GCC_C_LANGUAGE_STANDARD = gnu11;
				GCC_NO_COMMON_BLOCKS = YES;
				GCC_WARN_64_TO_32_BIT_CONVERSION = YES;
				GCC_WARN_ABOUT_RETURN_TYPE = YES_ERROR;
				GCC_WARN_UNDECLARED_SELECTOR = YES;
				GCC_WARN_UNINITIALIZED_AUTOS = YES_AGGRESSIVE;
				GCC_WARN_UNUSED_FUNCTION = YES;
				GCC_WARN_UNUSED_VARIABLE = YES;
				IPHONEOS_DEPLOYMENT_TARGET = 13.5;
				MTL_ENABLE_DEBUG_INFO = NO;
				MTL_FAST_MATH = YES;
				SDKROOT = iphoneos;
				SWIFT_COMPILATION_MODE = wholemodule;
				SWIFT_OPTIMIZATION_LEVEL = "-O";
				VALIDATE_PRODUCT = YES;
			};
			name = Release;
		};
		654746E624989F1F00D26EB6 /* Debug */ = {
			isa = XCBuildConfiguration;
			buildSettings = {
				ASSETCATALOG_COMPILER_APPICON_NAME = AppIcon;
				CODE_SIGN_ENTITLEMENTS = YangSpin/YangSpin.entitlements;
				CODE_SIGN_STYLE = Automatic;
				DEVELOPMENT_ASSET_PATHS = "\"YangSpin/Preview Content\"";
				DEVELOPMENT_TEAM = B6A9P9QJX3;
				ENABLE_PREVIEWS = YES;
				INFOPLIST_FILE = YangSpin/Info.plist;
				IPHONEOS_DEPLOYMENT_TARGET = 13.0;
				LD_RUNPATH_SEARCH_PATHS = (
					"$(inherited)",
					"@executable_path/Frameworks",
				);
				PRODUCT_BUNDLE_IDENTIFIER = com.Besttz.YangSpin;
				PRODUCT_NAME = "Yang Spin";
				SUPPORTS_MACCATALYST = YES;
				SWIFT_VERSION = 5.0;
				TARGETED_DEVICE_FAMILY = "1,2";
			};
			name = Debug;
		};
		654746E724989F1F00D26EB6 /* Release */ = {
			isa = XCBuildConfiguration;
			buildSettings = {
				ASSETCATALOG_COMPILER_APPICON_NAME = AppIcon;
				CODE_SIGN_ENTITLEMENTS = YangSpin/YangSpin.entitlements;
				CODE_SIGN_STYLE = Automatic;
				DEVELOPMENT_ASSET_PATHS = "\"YangSpin/Preview Content\"";
				DEVELOPMENT_TEAM = B6A9P9QJX3;
				ENABLE_PREVIEWS = YES;
				INFOPLIST_FILE = YangSpin/Info.plist;
				IPHONEOS_DEPLOYMENT_TARGET = 13.0;
				LD_RUNPATH_SEARCH_PATHS = (
					"$(inherited)",
					"@executable_path/Frameworks",
				);
				PRODUCT_BUNDLE_IDENTIFIER = com.Besttz.YangSpin;
				PRODUCT_NAME = "Yang Spin";
				SUPPORTS_MACCATALYST = YES;
				SWIFT_VERSION = 5.0;
				TARGETED_DEVICE_FAMILY = "1,2";
			};
			name = Release;
		};
/* End XCBuildConfiguration section */

/* Begin XCConfigurationList section */
		654746CC24989F1E00D26EB6 /* Build configuration list for PBXProject "YangSpin" */ = {
			isa = XCConfigurationList;
			buildConfigurations = (
				654746E324989F1F00D26EB6 /* Debug */,
				654746E424989F1F00D26EB6 /* Release */,
			);
			defaultConfigurationIsVisible = 0;
			defaultConfigurationName = Release;
		};
		654746E524989F1F00D26EB6 /* Build configuration list for PBXNativeTarget "YangSpin" */ = {
			isa = XCConfigurationList;
			buildConfigurations = (
				654746E624989F1F00D26EB6 /* Debug */,
				654746E724989F1F00D26EB6 /* Release */,
			);
			defaultConfigurationIsVisible = 0;
			defaultConfigurationName = Release;
		};
/* End XCConfigurationList section */
	};
	rootObject = 654746C924989F1E00D26EB6 /* Project object */;
}
